
Microsoft Visual Studio Solution File, Format Version 12.00
Project("{FAE04EC0-301F-11D3-BF4B-00C04F79EFBC}") = "Bezoro.Core", "src\Bezoro.Core\Bezoro.Core.csproj", "{73D95EB2-683D-4B77-B79B-C39925A77B03}"
EndProject
Project("{FAE04EC0-301F-11D3-BF4B-00C04F79EFBC}") = "Bezoro.Chess", "src\Bezoro.Chess\Bezoro.Chess.csproj", "{41DC84D7-9C62-4F2B-B373-1045A91E4F44}"
EndProject
Project("{FAE04EC0-301F-11D3-BF4B-00C04F79EFBC}") = "Bezoro.GameSystems", "src\Bezoro.GameSystems\Bezoro.GameSystems.csproj", "{84306C57-CF7C-477B-89C2-8029FBE5AACB}"
EndProject
Project("{2150E333-8FDC-42A3-9474-1A3956D46DE8}") = "src", "src", "{022FA1F2-FA8A-44E9-B9F3-B2FB5DE35BE6}"
EndProject
Project("{2150E333-8FDC-42A3-9474-1A3956D46DE8}") = "tests", "tests", "{5EB83B88-623A-4133-98AE-5DECAD8310ED}"
EndProject
Project("{FAE04EC0-301F-11D3-BF4B-00C04F79EFBC}") = "Bezoro.Core.Tests", "tests\Bezoro.Core.Tests\Bezoro.Core.Tests.csproj", "{B895D834-2079-4E2A-907D-8F7A2B0E62A5}"
EndProject
Project("{FAE04EC0-301F-11D3-BF4B-00C04F79EFBC}") = "Bezoro.Chess.Tests", "tests\Bezoro.Chess.Tests\Bezoro.Chess.Tests.csproj", "{153F1923-E36A-4C13-93B0-BFC9038200E9}"
EndProject
Global
	GlobalSection(SolutionConfigurationPlatforms) = preSolution
		Debug|Any CPU = Debug|Any CPU
		Release|Any CPU = Release|Any CPU
	EndGlobalSection
	GlobalSection(ProjectConfigurationPlatforms) = postSolution
		{73D95EB2-683D-4B77-B79B-C39925A77B03}.Debug|Any CPU.ActiveCfg = Debug|Any CPU
		{73D95EB2-683D-4B77-B79B-C39925A77B03}.Debug|Any CPU.Build.0 = Debug|Any CPU
		{73D95EB2-683D-4B77-B79B-C39925A77B03}.Release|Any CPU.ActiveCfg = Release|Any CPU
		{73D95EB2-683D-4B77-B79B-C39925A77B03}.Release|Any CPU.Build.0 = Release|Any CPU
		{41DC84D7-9C62-4F2B-B373-1045A91E4F44}.Debug|Any CPU.ActiveCfg = Debug|Any CPU
		{41DC84D7-9C62-4F2B-B373-1045A91E4F44}.Debug|Any CPU.Build.0 = Debug|Any CPU
		{41DC84D7-9C62-4F2B-B373-1045A91E4F44}.Release|Any CPU.ActiveCfg = Release|Any CPU
		{41DC84D7-9C62-4F2B-B373-1045A91E4F44}.Release|Any CPU.Build.0 = Release|Any CPU
		{84306C57-CF7C-477B-89C2-8029FBE5AACB}.Debug|Any CPU.ActiveCfg = Debug|Any CPU
		{84306C57-CF7C-477B-89C2-8029FBE5AACB}.Debug|Any CPU.Build.0 = Debug|Any CPU
		{84306C57-CF7C-477B-89C2-8029FBE5AACB}.Release|Any CPU.ActiveCfg = Release|Any CPU
		{84306C57-CF7C-477B-89C2-8029FBE5AACB}.Release|Any CPU.Build.0 = Release|Any CPU
		{B895D834-2079-4E2A-907D-8F7A2B0E62A5}.Debug|Any CPU.ActiveCfg = Debug|Any CPU
		{B895D834-2079-4E2A-907D-8F7A2B0E62A5}.Debug|Any CPU.Build.0 = Debug|Any CPU
		{B895D834-2079-4E2A-907D-8F7A2B0E62A5}.Release|Any CPU.ActiveCfg = Release|Any CPU
		{B895D834-2079-4E2A-907D-8F7A2B0E62A5}.Release|Any CPU.Build.0 = Release|Any CPU
		{153F1923-E36A-4C13-93B0-BFC9038200E9}.Debug|Any CPU.ActiveCfg = Debug|Any CPU
		{153F1923-E36A-4C13-93B0-BFC9038200E9}.Debug|Any CPU.Build.0 = Debug|Any CPU
		{153F1923-E36A-4C13-93B0-BFC9038200E9}.Release|Any CPU.ActiveCfg = Release|Any CPU
		{153F1923-E36A-4C13-93B0-BFC9038200E9}.Release|Any CPU.Build.0 = Release|Any CPU
	EndGlobalSection
	GlobalSection(NestedProjects) = preSolution
		{41DC84D7-9C62-4F2B-B373-1045A91E4F44} = {022FA1F2-FA8A-44E9-B9F3-B2FB5DE35BE6}
		{73D95EB2-683D-4B77-B79B-C39925A77B03} = {022FA1F2-FA8A-44E9-B9F3-B2FB5DE35BE6}
		{84306C57-CF7C-477B-89C2-8029FBE5AACB} = {022FA1F2-FA8A-44E9-B9F3-B2FB5DE35BE6}
		{153F1923-E36A-4C13-93B0-BFC9038200E9} = {5EB83B88-623A-4133-98AE-5DECAD8310ED}
		{B895D834-2079-4E2A-907D-8F7A2B0E62A5} = {5EB83B88-623A-4133-98AE-5DECAD8310ED}
	EndGlobalSection
EndGlobal
