
Microsoft Visual Studio Solution File, Format Version 12.00
Project("{FAE04EC0-301F-11D3-BF4B-00C04F79EFBC}") = "Bezoro.Core", "src\Bezoro.Core\Bezoro.Core.csproj", "{73D95EB2-683D-4B77-B79B-C39925A77B03}"
EndProject
Project("{FAE04EC0-301F-11D3-BF4B-00C04F79EFBC}") = "Bezoro.GameSystems", "src\Bezoro.GameSystems\Bezoro.GameSystems.csproj", "{84306C57-CF7C-477B-89C2-8029FBE5AACB}"
EndProject
Project("{2150E333-8FDC-42A3-9474-1A3956D46DE8}") = "src", "src", "{022FA1F2-FA8A-44E9-B9F3-B2FB5DE35BE6}"
EndProject
Project("{2150E333-8FDC-42A3-9474-1A3956D46DE8}") = "tests", "tests", "{5EB83B88-623A-4133-98AE-5DECAD8310ED}"
EndProject
Project("{FAE04EC0-301F-11D3-BF4B-00C04F79EFBC}") = "Bezoro.Core.Tests", "tests\Bezoro.Core.Tests\Bezoro.Core.Tests.csproj", "{B895D834-2079-4E2A-907D-8F7A2B0E62A5}"
EndProject
Project("{FAE04EC0-301F-11D3-BF4B-00C04F79EFBC}") = "Bezoro.Chess.UCI.Protocol", "src\Bezoro.Chess.UCI.Protocol\Bezoro.Chess.UCI.Protocol.csproj", "{881CFA90-AA0A-422C-AADE-369225476FCD}"
EndProject
Project("{FAE04EC0-301F-11D3-BF4B-00C04F79EFBC}") = "Bezoro.Chess.UCI", "src\Bezoro.Chess.UCI\Bezoro.Chess.UCI.csproj", "{82A9FF13-0FD1-43BD-B59B-184004B6AB90}"
EndProject
Project("{FAE04EC0-301F-11D3-BF4B-00C04F79EFBC}") = "Bezoro.Chess.UCI.Protocol.Tests", "tests\Bezoro.Chess.UCI.Protocol.Tests\Bezoro.Chess.UCI.Protocol.Tests.csproj", "{F2B38D1B-4BB9-4229-8CB3-EAF7B8FDA21A}"
EndProject
Project("{FAE04EC0-301F-11D3-BF4B-00C04F79EFBC}") = "Bezoro.Chess.UCI.Tests", "tests\Bezoro.Chess.UCI.Tests\Bezoro.Chess.UCI.Tests.csproj", "{5E1A7F61-DDA7-4FD3-B1BA-6ACF6A8DD079}"
EndProject
Project("{2150E333-8FDC-42A3-9474-1A3956D46DE8}") = "benchmarks", "benchmarks", "{66320409-64EC-F7C5-3DEF-65E7510DAAD1}"
EndProject
Project("{FAE04EC0-301F-11D3-BF4B-00C04F79EFBC}") = "Bezoro.Core.Benchmarks", "benchmarks\Bezoro.Core.Benchmarks\Bezoro.Core.Benchmarks.csproj", "{654531A1-9C0A-4B33-ADDF-26F9C039ABF8}"
EndProject
Project("{FAE04EC0-301F-11D3-BF4B-00C04F79EFBC}") = "Bezoro.ECS.Benchmarks", "benchmarks\Bezoro.ECS.Benchmarks\Bezoro.ECS.Benchmarks.csproj", "{9B0843A6-4EDC-4B3E-98F9-0F889A3B3D3F}"
EndProject
Project("{FAE04EC0-301F-11D3-BF4B-00C04F79EFBC}") = "Bezoro.TypingSystem", "src\Bezoro.TypingSystem\Bezoro.TypingSystem.csproj", "{4201E218-26DD-49B2-B8BF-D9ADE498DE6B}"
EndProject
Project("{FAE04EC0-301F-11D3-BF4B-00C04F79EFBC}") = "Bezoro.TypingSystem.Tests", "tests\Bezoro.TypingSystem.Tests\Bezoro.TypingSystem.Tests.csproj", "{C3FC7439-DAA8-4A1D-9F9A-F788DD87C1F3}"
EndProject
Project("{FAE04EC0-301F-11D3-BF4B-00C04F79EFBC}") = "Bezoro.Logging", "src\Bezoro.Logging\Bezoro.Logging.csproj", "{E47CEA7C-5B60-497F-9D8C-DDEC6F839298}"
EndProject
Project("{FAE04EC0-301F-11D3-BF4B-00C04F79EFBC}") = "Bezoro.ECS", "src\Bezoro.ECS\Bezoro.ECS.csproj", "{D2D574F1-6EF4-4138-A5FE-DDF496929A1E}"
EndProject
Project("{FAE04EC0-301F-11D3-BF4B-00C04F79EFBC}") = "Bezoro.ECS.Tests", "tests\Bezoro.ECS.Tests\Bezoro.ECS.Tests.csproj", "{337CA2A9-A3A0-464D-BDF4-5FDF48A60B31}"
EndProject
Project("{FAE04EC0-301F-11D3-BF4B-00C04F79EFBC}") = "Bezoro.GameSystems.Tests", "tests\Bezoro.GameSystems.Tests\Bezoro.GameSystems.Tests.csproj", "{23B63C87-E629-4897-89D0-1A3907D1D860}"
EndProject
Project("{FAE04EC0-301F-11D3-BF4B-00C04F79EFBC}") = "Bezoro.Events", "src\Bezoro.Events\Bezoro.Events.csproj", "{BF4BEA93-5164-4FDF-B785-5DF751D9ECFF}"
EndProject
Project("{FAE04EC0-301F-11D3-BF4B-00C04F79EFBC}") = "Bezoro.Events.Tests", "tests\Bezoro.Events.Tests\Bezoro.Events.Tests.csproj", "{E76D878F-D918-42C4-93C7-8743B2C4A838}"
EndProject
Project("{FAE04EC0-301F-11D3-BF4B-00C04F79EFBC}") = "Bezoro.ECS.SourceGen", "src\Bezoro.ECS.SourceGen\Bezoro.ECS.SourceGen.csproj", "{5A8EDD0E-B5AB-4BD8-89A9-2D0DBAA92C4C}"
EndProject
Project("{2150E333-8FDC-42A3-9474-1A3956D46DE8}") = "samples", "samples", "{B789E9C7-9962-4479-A3D3-2EE0E841F876}"
EndProject
Project("{FAE04EC0-301F-11D3-BF4B-00C04F79EFBC}") = "Bezoro.Chess.UCI.Protocol.ConsoleDemo", "samples\Bezoro.Chess.UCI.Protocol.ConsoleDemo\Bezoro.Chess.UCI.Protocol.ConsoleDemo.csproj", "{FD4D823B-813C-4613-8FAF-03344CA83F4A}"
EndProject
Project("{FAE04EC0-301F-11D3-BF4B-00C04F79EFBC}") = "TypingSystem.ConsoleDemo", "samples\TypingSystem.ConsoleDemo\TypingSystem.ConsoleDemo.csproj", "{339F58BD-FA2C-4DD5-BCDC-C63F406A779A}"
EndProject
Global
	GlobalSection(SolutionConfigurationPlatforms) = preSolution
		Debug|Any CPU = Debug|Any CPU
		Debug|x64 = Debug|x64
		Debug|x86 = Debug|x86
		Release|Any CPU = Release|Any CPU
		Release|x64 = Release|x64
		Release|x86 = Release|x86
	EndGlobalSection
	GlobalSection(ProjectConfigurationPlatforms) = postSolution
		{73D95EB2-683D-4B77-B79B-C39925A77B03}.Debug|Any CPU.ActiveCfg = Debug|Any CPU
		{73D95EB2-683D-4B77-B79B-C39925A77B03}.Debug|Any CPU.Build.0 = Debug|Any CPU
		{73D95EB2-683D-4B77-B79B-C39925A77B03}.Debug|x64.ActiveCfg = Debug|Any CPU
		{73D95EB2-683D-4B77-B79B-C39925A77B03}.Debug|x64.Build.0 = Debug|Any CPU
		{73D95EB2-683D-4B77-B79B-C39925A77B03}.Debug|x86.ActiveCfg = Debug|Any CPU
		{73D95EB2-683D-4B77-B79B-C39925A77B03}.Debug|x86.Build.0 = Debug|Any CPU
		{73D95EB2-683D-4B77-B79B-C39925A77B03}.Release|Any CPU.ActiveCfg = Release|Any CPU
		{73D95EB2-683D-4B77-B79B-C39925A77B03}.Release|Any CPU.Build.0 = Release|Any CPU
		{73D95EB2-683D-4B77-B79B-C39925A77B03}.Release|x64.ActiveCfg = Release|Any CPU
		{73D95EB2-683D-4B77-B79B-C39925A77B03}.Release|x64.Build.0 = Release|Any CPU
		{73D95EB2-683D-4B77-B79B-C39925A77B03}.Release|x86.ActiveCfg = Release|Any CPU
		{73D95EB2-683D-4B77-B79B-C39925A77B03}.Release|x86.Build.0 = Release|Any CPU
		{84306C57-CF7C-477B-89C2-8029FBE5AACB}.Debug|Any CPU.ActiveCfg = Debug|Any CPU
		{84306C57-CF7C-477B-89C2-8029FBE5AACB}.Debug|Any CPU.Build.0 = Debug|Any CPU
		{84306C57-CF7C-477B-89C2-8029FBE5AACB}.Debug|x64.ActiveCfg = Debug|Any CPU
		{84306C57-CF7C-477B-89C2-8029FBE5AACB}.Debug|x64.Build.0 = Debug|Any CPU
		{84306C57-CF7C-477B-89C2-8029FBE5AACB}.Debug|x86.ActiveCfg = Debug|Any CPU
		{84306C57-CF7C-477B-89C2-8029FBE5AACB}.Debug|x86.Build.0 = Debug|Any CPU
		{84306C57-CF7C-477B-89C2-8029FBE5AACB}.Release|Any CPU.ActiveCfg = Release|Any CPU
		{84306C57-CF7C-477B-89C2-8029FBE5AACB}.Release|Any CPU.Build.0 = Release|Any CPU
		{84306C57-CF7C-477B-89C2-8029FBE5AACB}.Release|x64.ActiveCfg = Release|Any CPU
		{84306C57-CF7C-477B-89C2-8029FBE5AACB}.Release|x64.Build.0 = Release|Any CPU
		{84306C57-CF7C-477B-89C2-8029FBE5AACB}.Release|x86.ActiveCfg = Release|Any CPU
		{84306C57-CF7C-477B-89C2-8029FBE5AACB}.Release|x86.Build.0 = Release|Any CPU
		{B895D834-2079-4E2A-907D-8F7A2B0E62A5}.Debug|Any CPU.ActiveCfg = Debug|Any CPU
		{B895D834-2079-4E2A-907D-8F7A2B0E62A5}.Debug|Any CPU.Build.0 = Debug|Any CPU
		{B895D834-2079-4E2A-907D-8F7A2B0E62A5}.Debug|x64.ActiveCfg = Debug|Any CPU
		{B895D834-2079-4E2A-907D-8F7A2B0E62A5}.Debug|x64.Build.0 = Debug|Any CPU
		{B895D834-2079-4E2A-907D-8F7A2B0E62A5}.Debug|x86.ActiveCfg = Debug|Any CPU
		{B895D834-2079-4E2A-907D-8F7A2B0E62A5}.Debug|x86.Build.0 = Debug|Any CPU
		{B895D834-2079-4E2A-907D-8F7A2B0E62A5}.Release|Any CPU.ActiveCfg = Release|Any CPU
		{B895D834-2079-4E2A-907D-8F7A2B0E62A5}.Release|Any CPU.Build.0 = Release|Any CPU
		{B895D834-2079-4E2A-907D-8F7A2B0E62A5}.Release|x64.ActiveCfg = Release|Any CPU
		{B895D834-2079-4E2A-907D-8F7A2B0E62A5}.Release|x64.Build.0 = Release|Any CPU
		{B895D834-2079-4E2A-907D-8F7A2B0E62A5}.Release|x86.ActiveCfg = Release|Any CPU
		{B895D834-2079-4E2A-907D-8F7A2B0E62A5}.Release|x86.Build.0 = Release|Any CPU
		{881CFA90-AA0A-422C-AADE-369225476FCD}.Debug|Any CPU.ActiveCfg = Debug|Any CPU
		{881CFA90-AA0A-422C-AADE-369225476FCD}.Debug|Any CPU.Build.0 = Debug|Any CPU
		{881CFA90-AA0A-422C-AADE-369225476FCD}.Debug|x64.ActiveCfg = Debug|Any CPU
		{881CFA90-AA0A-422C-AADE-369225476FCD}.Debug|x64.Build.0 = Debug|Any CPU
		{881CFA90-AA0A-422C-AADE-369225476FCD}.Debug|x86.ActiveCfg = Debug|Any CPU
		{881CFA90-AA0A-422C-AADE-369225476FCD}.Debug|x86.Build.0 = Debug|Any CPU
		{881CFA90-AA0A-422C-AADE-369225476FCD}.Release|Any CPU.ActiveCfg = Release|Any CPU
		{881CFA90-AA0A-422C-AADE-369225476FCD}.Release|Any CPU.Build.0 = Release|Any CPU
		{881CFA90-AA0A-422C-AADE-369225476FCD}.Release|x64.ActiveCfg = Release|Any CPU
		{881CFA90-AA0A-422C-AADE-369225476FCD}.Release|x64.Build.0 = Release|Any CPU
		{881CFA90-AA0A-422C-AADE-369225476FCD}.Release|x86.ActiveCfg = Release|Any CPU
		{881CFA90-AA0A-422C-AADE-369225476FCD}.Release|x86.Build.0 = Release|Any CPU
		{82A9FF13-0FD1-43BD-B59B-184004B6AB90}.Debug|Any CPU.ActiveCfg = Debug|Any CPU
		{82A9FF13-0FD1-43BD-B59B-184004B6AB90}.Debug|Any CPU.Build.0 = Debug|Any CPU
		{82A9FF13-0FD1-43BD-B59B-184004B6AB90}.Debug|x64.ActiveCfg = Debug|Any CPU
		{82A9FF13-0FD1-43BD-B59B-184004B6AB90}.Debug|x64.Build.0 = Debug|Any CPU
		{82A9FF13-0FD1-43BD-B59B-184004B6AB90}.Debug|x86.ActiveCfg = Debug|Any CPU
		{82A9FF13-0FD1-43BD-B59B-184004B6AB90}.Debug|x86.Build.0 = Debug|Any CPU
		{82A9FF13-0FD1-43BD-B59B-184004B6AB90}.Release|Any CPU.ActiveCfg = Release|Any CPU
		{82A9FF13-0FD1-43BD-B59B-184004B6AB90}.Release|Any CPU.Build.0 = Release|Any CPU
		{82A9FF13-0FD1-43BD-B59B-184004B6AB90}.Release|x64.ActiveCfg = Release|Any CPU
		{82A9FF13-0FD1-43BD-B59B-184004B6AB90}.Release|x64.Build.0 = Release|Any CPU
		{82A9FF13-0FD1-43BD-B59B-184004B6AB90}.Release|x86.ActiveCfg = Release|Any CPU
		{82A9FF13-0FD1-43BD-B59B-184004B6AB90}.Release|x86.Build.0 = Release|Any CPU
		{F2B38D1B-4BB9-4229-8CB3-EAF7B8FDA21A}.Debug|Any CPU.ActiveCfg = Debug|Any CPU
		{F2B38D1B-4BB9-4229-8CB3-EAF7B8FDA21A}.Debug|Any CPU.Build.0 = Debug|Any CPU
		{F2B38D1B-4BB9-4229-8CB3-EAF7B8FDA21A}.Debug|x64.ActiveCfg = Debug|Any CPU
		{F2B38D1B-4BB9-4229-8CB3-EAF7B8FDA21A}.Debug|x64.Build.0 = Debug|Any CPU
		{F2B38D1B-4BB9-4229-8CB3-EAF7B8FDA21A}.Debug|x86.ActiveCfg = Debug|Any CPU
		{F2B38D1B-4BB9-4229-8CB3-EAF7B8FDA21A}.Debug|x86.Build.0 = Debug|Any CPU
		{F2B38D1B-4BB9-4229-8CB3-EAF7B8FDA21A}.Release|Any CPU.ActiveCfg = Release|Any CPU
		{F2B38D1B-4BB9-4229-8CB3-EAF7B8FDA21A}.Release|Any CPU.Build.0 = Release|Any CPU
		{F2B38D1B-4BB9-4229-8CB3-EAF7B8FDA21A}.Release|x64.ActiveCfg = Release|Any CPU
		{F2B38D1B-4BB9-4229-8CB3-EAF7B8FDA21A}.Release|x64.Build.0 = Release|Any CPU
		{F2B38D1B-4BB9-4229-8CB3-EAF7B8FDA21A}.Release|x86.ActiveCfg = Release|Any CPU
		{F2B38D1B-4BB9-4229-8CB3-EAF7B8FDA21A}.Release|x86.Build.0 = Release|Any CPU
		{5E1A7F61-DDA7-4FD3-B1BA-6ACF6A8DD079}.Debug|Any CPU.ActiveCfg = Debug|Any CPU
		{5E1A7F61-DDA7-4FD3-B1BA-6ACF6A8DD079}.Debug|Any CPU.Build.0 = Debug|Any CPU
		{5E1A7F61-DDA7-4FD3-B1BA-6ACF6A8DD079}.Debug|x64.ActiveCfg = Debug|Any CPU
		{5E1A7F61-DDA7-4FD3-B1BA-6ACF6A8DD079}.Debug|x64.Build.0 = Debug|Any CPU
		{5E1A7F61-DDA7-4FD3-B1BA-6ACF6A8DD079}.Debug|x86.ActiveCfg = Debug|Any CPU
		{5E1A7F61-DDA7-4FD3-B1BA-6ACF6A8DD079}.Debug|x86.Build.0 = Debug|Any CPU
		{5E1A7F61-DDA7-4FD3-B1BA-6ACF6A8DD079}.Release|Any CPU.ActiveCfg = Release|Any CPU
		{5E1A7F61-DDA7-4FD3-B1BA-6ACF6A8DD079}.Release|Any CPU.Build.0 = Release|Any CPU
		{5E1A7F61-DDA7-4FD3-B1BA-6ACF6A8DD079}.Release|x64.ActiveCfg = Release|Any CPU
		{5E1A7F61-DDA7-4FD3-B1BA-6ACF6A8DD079}.Release|x64.Build.0 = Release|Any CPU
		{5E1A7F61-DDA7-4FD3-B1BA-6ACF6A8DD079}.Release|x86.ActiveCfg = Release|Any CPU
		{5E1A7F61-DDA7-4FD3-B1BA-6ACF6A8DD079}.Release|x86.Build.0 = Release|Any CPU
		{654531A1-9C0A-4B33-ADDF-26F9C039ABF8}.Debug|Any CPU.ActiveCfg = Debug|Any CPU
		{654531A1-9C0A-4B33-ADDF-26F9C039ABF8}.Debug|Any CPU.Build.0 = Debug|Any CPU
		{654531A1-9C0A-4B33-ADDF-26F9C039ABF8}.Debug|x64.ActiveCfg = Debug|Any CPU
		{654531A1-9C0A-4B33-ADDF-26F9C039ABF8}.Debug|x64.Build.0 = Debug|Any CPU
		{654531A1-9C0A-4B33-ADDF-26F9C039ABF8}.Debug|x86.ActiveCfg = Debug|Any CPU
		{654531A1-9C0A-4B33-ADDF-26F9C039ABF8}.Debug|x86.Build.0 = Debug|Any CPU
		{654531A1-9C0A-4B33-ADDF-26F9C039ABF8}.Release|Any CPU.ActiveCfg = Release|Any CPU
		{654531A1-9C0A-4B33-ADDF-26F9C039ABF8}.Release|Any CPU.Build.0 = Release|Any CPU
		{654531A1-9C0A-4B33-ADDF-26F9C039ABF8}.Release|x64.ActiveCfg = Release|Any CPU
		{654531A1-9C0A-4B33-ADDF-26F9C039ABF8}.Release|x64.Build.0 = Release|Any CPU
		{654531A1-9C0A-4B33-ADDF-26F9C039ABF8}.Release|x86.ActiveCfg = Release|Any CPU
		{654531A1-9C0A-4B33-ADDF-26F9C039ABF8}.Release|x86.Build.0 = Release|Any CPU
		{9B0843A6-4EDC-4B3E-98F9-0F889A3B3D3F}.Debug|Any CPU.ActiveCfg = Debug|Any CPU
		{9B0843A6-4EDC-4B3E-98F9-0F889A3B3D3F}.Debug|Any CPU.Build.0 = Debug|Any CPU
		{9B0843A6-4EDC-4B3E-98F9-0F889A3B3D3F}.Debug|x64.ActiveCfg = Debug|Any CPU
		{9B0843A6-4EDC-4B3E-98F9-0F889A3B3D3F}.Debug|x64.Build.0 = Debug|Any CPU
		{9B0843A6-4EDC-4B3E-98F9-0F889A3B3D3F}.Debug|x86.ActiveCfg = Debug|Any CPU
		{9B0843A6-4EDC-4B3E-98F9-0F889A3B3D3F}.Debug|x86.Build.0 = Debug|Any CPU
		{9B0843A6-4EDC-4B3E-98F9-0F889A3B3D3F}.Release|Any CPU.ActiveCfg = Release|Any CPU
		{9B0843A6-4EDC-4B3E-98F9-0F889A3B3D3F}.Release|Any CPU.Build.0 = Release|Any CPU
		{9B0843A6-4EDC-4B3E-98F9-0F889A3B3D3F}.Release|x64.ActiveCfg = Release|Any CPU
		{9B0843A6-4EDC-4B3E-98F9-0F889A3B3D3F}.Release|x64.Build.0 = Release|Any CPU
		{9B0843A6-4EDC-4B3E-98F9-0F889A3B3D3F}.Release|x86.ActiveCfg = Release|Any CPU
		{9B0843A6-4EDC-4B3E-98F9-0F889A3B3D3F}.Release|x86.Build.0 = Release|Any CPU
		{4201E218-26DD-49B2-B8BF-D9ADE498DE6B}.Debug|Any CPU.ActiveCfg = Debug|Any CPU
		{4201E218-26DD-49B2-B8BF-D9ADE498DE6B}.Debug|Any CPU.Build.0 = Debug|Any CPU
		{4201E218-26DD-49B2-B8BF-D9ADE498DE6B}.Debug|x64.ActiveCfg = Debug|Any CPU
		{4201E218-26DD-49B2-B8BF-D9ADE498DE6B}.Debug|x64.Build.0 = Debug|Any CPU
		{4201E218-26DD-49B2-B8BF-D9ADE498DE6B}.Debug|x86.ActiveCfg = Debug|Any CPU
		{4201E218-26DD-49B2-B8BF-D9ADE498DE6B}.Debug|x86.Build.0 = Debug|Any CPU
		{4201E218-26DD-49B2-B8BF-D9ADE498DE6B}.Release|Any CPU.ActiveCfg = Release|Any CPU
		{4201E218-26DD-49B2-B8BF-D9ADE498DE6B}.Release|Any CPU.Build.0 = Release|Any CPU
		{4201E218-26DD-49B2-B8BF-D9ADE498DE6B}.Release|x64.ActiveCfg = Release|Any CPU
		{4201E218-26DD-49B2-B8BF-D9ADE498DE6B}.Release|x64.Build.0 = Release|Any CPU
		{4201E218-26DD-49B2-B8BF-D9ADE498DE6B}.Release|x86.ActiveCfg = Release|Any CPU
		{4201E218-26DD-49B2-B8BF-D9ADE498DE6B}.Release|x86.Build.0 = Release|Any CPU
		{C3FC7439-DAA8-4A1D-9F9A-F788DD87C1F3}.Debug|Any CPU.ActiveCfg = Debug|Any CPU
		{C3FC7439-DAA8-4A1D-9F9A-F788DD87C1F3}.Debug|Any CPU.Build.0 = Debug|Any CPU
		{C3FC7439-DAA8-4A1D-9F9A-F788DD87C1F3}.Debug|x64.ActiveCfg = Debug|Any CPU
		{C3FC7439-DAA8-4A1D-9F9A-F788DD87C1F3}.Debug|x64.Build.0 = Debug|Any CPU
		{C3FC7439-DAA8-4A1D-9F9A-F788DD87C1F3}.Debug|x86.ActiveCfg = Debug|Any CPU
		{C3FC7439-DAA8-4A1D-9F9A-F788DD87C1F3}.Debug|x86.Build.0 = Debug|Any CPU
		{C3FC7439-DAA8-4A1D-9F9A-F788DD87C1F3}.Release|Any CPU.ActiveCfg = Release|Any CPU
		{C3FC7439-DAA8-4A1D-9F9A-F788DD87C1F3}.Release|Any CPU.Build.0 = Release|Any CPU
		{C3FC7439-DAA8-4A1D-9F9A-F788DD87C1F3}.Release|x64.ActiveCfg = Release|Any CPU
		{C3FC7439-DAA8-4A1D-9F9A-F788DD87C1F3}.Release|x64.Build.0 = Release|Any CPU
		{C3FC7439-DAA8-4A1D-9F9A-F788DD87C1F3}.Release|x86.ActiveCfg = Release|Any CPU
		{C3FC7439-DAA8-4A1D-9F9A-F788DD87C1F3}.Release|x86.Build.0 = Release|Any CPU
		{E47CEA7C-5B60-497F-9D8C-DDEC6F839298}.Debug|Any CPU.ActiveCfg = Debug|Any CPU
		{E47CEA7C-5B60-497F-9D8C-DDEC6F839298}.Debug|Any CPU.Build.0 = Debug|Any CPU
		{E47CEA7C-5B60-497F-9D8C-DDEC6F839298}.Debug|x64.ActiveCfg = Debug|Any CPU
		{E47CEA7C-5B60-497F-9D8C-DDEC6F839298}.Debug|x64.Build.0 = Debug|Any CPU
		{E47CEA7C-5B60-497F-9D8C-DDEC6F839298}.Debug|x86.ActiveCfg = Debug|Any CPU
		{E47CEA7C-5B60-497F-9D8C-DDEC6F839298}.Debug|x86.Build.0 = Debug|Any CPU
		{E47CEA7C-5B60-497F-9D8C-DDEC6F839298}.Release|Any CPU.ActiveCfg = Release|Any CPU
		{E47CEA7C-5B60-497F-9D8C-DDEC6F839298}.Release|Any CPU.Build.0 = Release|Any CPU
		{E47CEA7C-5B60-497F-9D8C-DDEC6F839298}.Release|x64.ActiveCfg = Release|Any CPU
		{E47CEA7C-5B60-497F-9D8C-DDEC6F839298}.Release|x64.Build.0 = Release|Any CPU
		{E47CEA7C-5B60-497F-9D8C-DDEC6F839298}.Release|x86.ActiveCfg = Release|Any CPU
		{E47CEA7C-5B60-497F-9D8C-DDEC6F839298}.Release|x86.Build.0 = Release|Any CPU
		{D2D574F1-6EF4-4138-A5FE-DDF496929A1E}.Debug|Any CPU.ActiveCfg = Debug|Any CPU
		{D2D574F1-6EF4-4138-A5FE-DDF496929A1E}.Debug|Any CPU.Build.0 = Debug|Any CPU
		{D2D574F1-6EF4-4138-A5FE-DDF496929A1E}.Debug|x64.ActiveCfg = Debug|Any CPU
		{D2D574F1-6EF4-4138-A5FE-DDF496929A1E}.Debug|x64.Build.0 = Debug|Any CPU
		{D2D574F1-6EF4-4138-A5FE-DDF496929A1E}.Debug|x86.ActiveCfg = Debug|Any CPU
		{D2D574F1-6EF4-4138-A5FE-DDF496929A1E}.Debug|x86.Build.0 = Debug|Any CPU
		{D2D574F1-6EF4-4138-A5FE-DDF496929A1E}.Release|Any CPU.ActiveCfg = Release|Any CPU
		{D2D574F1-6EF4-4138-A5FE-DDF496929A1E}.Release|Any CPU.Build.0 = Release|Any CPU
		{D2D574F1-6EF4-4138-A5FE-DDF496929A1E}.Release|x64.ActiveCfg = Release|Any CPU
		{D2D574F1-6EF4-4138-A5FE-DDF496929A1E}.Release|x64.Build.0 = Release|Any CPU
		{D2D574F1-6EF4-4138-A5FE-DDF496929A1E}.Release|x86.ActiveCfg = Release|Any CPU
		{D2D574F1-6EF4-4138-A5FE-DDF496929A1E}.Release|x86.Build.0 = Release|Any CPU
		{337CA2A9-A3A0-464D-BDF4-5FDF48A60B31}.Debug|Any CPU.ActiveCfg = Debug|Any CPU
		{337CA2A9-A3A0-464D-BDF4-5FDF48A60B31}.Debug|Any CPU.Build.0 = Debug|Any CPU
		{337CA2A9-A3A0-464D-BDF4-5FDF48A60B31}.Debug|x64.ActiveCfg = Debug|Any CPU
		{337CA2A9-A3A0-464D-BDF4-5FDF48A60B31}.Debug|x64.Build.0 = Debug|Any CPU
		{337CA2A9-A3A0-464D-BDF4-5FDF48A60B31}.Debug|x86.ActiveCfg = Debug|Any CPU
		{337CA2A9-A3A0-464D-BDF4-5FDF48A60B31}.Debug|x86.Build.0 = Debug|Any CPU
		{337CA2A9-A3A0-464D-BDF4-5FDF48A60B31}.Release|Any CPU.ActiveCfg = Release|Any CPU
		{337CA2A9-A3A0-464D-BDF4-5FDF48A60B31}.Release|Any CPU.Build.0 = Release|Any CPU
		{337CA2A9-A3A0-464D-BDF4-5FDF48A60B31}.Release|x64.ActiveCfg = Release|Any CPU
		{337CA2A9-A3A0-464D-BDF4-5FDF48A60B31}.Release|x64.Build.0 = Release|Any CPU
		{337CA2A9-A3A0-464D-BDF4-5FDF48A60B31}.Release|x86.ActiveCfg = Release|Any CPU
		{337CA2A9-A3A0-464D-BDF4-5FDF48A60B31}.Release|x86.Build.0 = Release|Any CPU
		{23B63C87-E629-4897-89D0-1A3907D1D860}.Debug|Any CPU.ActiveCfg = Debug|Any CPU
		{23B63C87-E629-4897-89D0-1A3907D1D860}.Debug|Any CPU.Build.0 = Debug|Any CPU
		{23B63C87-E629-4897-89D0-1A3907D1D860}.Debug|x64.ActiveCfg = Debug|Any CPU
		{23B63C87-E629-4897-89D0-1A3907D1D860}.Debug|x64.Build.0 = Debug|Any CPU
		{23B63C87-E629-4897-89D0-1A3907D1D860}.Debug|x86.ActiveCfg = Debug|Any CPU
		{23B63C87-E629-4897-89D0-1A3907D1D860}.Debug|x86.Build.0 = Debug|Any CPU
		{23B63C87-E629-4897-89D0-1A3907D1D860}.Release|Any CPU.ActiveCfg = Release|Any CPU
		{23B63C87-E629-4897-89D0-1A3907D1D860}.Release|Any CPU.Build.0 = Release|Any CPU
		{23B63C87-E629-4897-89D0-1A3907D1D860}.Release|x64.ActiveCfg = Release|Any CPU
		{23B63C87-E629-4897-89D0-1A3907D1D860}.Release|x64.Build.0 = Release|Any CPU
		{23B63C87-E629-4897-89D0-1A3907D1D860}.Release|x86.ActiveCfg = Release|Any CPU
		{23B63C87-E629-4897-89D0-1A3907D1D860}.Release|x86.Build.0 = Release|Any CPU
		{BF4BEA93-5164-4FDF-B785-5DF751D9ECFF}.Debug|Any CPU.ActiveCfg = Debug|Any CPU
		{BF4BEA93-5164-4FDF-B785-5DF751D9ECFF}.Debug|Any CPU.Build.0 = Debug|Any CPU
		{BF4BEA93-5164-4FDF-B785-5DF751D9ECFF}.Debug|x64.ActiveCfg = Debug|Any CPU
		{BF4BEA93-5164-4FDF-B785-5DF751D9ECFF}.Debug|x64.Build.0 = Debug|Any CPU
		{BF4BEA93-5164-4FDF-B785-5DF751D9ECFF}.Debug|x86.ActiveCfg = Debug|Any CPU
		{BF4BEA93-5164-4FDF-B785-5DF751D9ECFF}.Debug|x86.Build.0 = Debug|Any CPU
		{BF4BEA93-5164-4FDF-B785-5DF751D9ECFF}.Release|Any CPU.ActiveCfg = Release|Any CPU
		{BF4BEA93-5164-4FDF-B785-5DF751D9ECFF}.Release|Any CPU.Build.0 = Release|Any CPU
		{BF4BEA93-5164-4FDF-B785-5DF751D9ECFF}.Release|x64.ActiveCfg = Release|Any CPU
		{BF4BEA93-5164-4FDF-B785-5DF751D9ECFF}.Release|x64.Build.0 = Release|Any CPU
		{BF4BEA93-5164-4FDF-B785-5DF751D9ECFF}.Release|x86.ActiveCfg = Release|Any CPU
		{BF4BEA93-5164-4FDF-B785-5DF751D9ECFF}.Release|x86.Build.0 = Release|Any CPU
		{E76D878F-D918-42C4-93C7-8743B2C4A838}.Debug|Any CPU.ActiveCfg = Debug|Any CPU
		{E76D878F-D918-42C4-93C7-8743B2C4A838}.Debug|Any CPU.Build.0 = Debug|Any CPU
		{E76D878F-D918-42C4-93C7-8743B2C4A838}.Debug|x64.ActiveCfg = Debug|Any CPU
		{E76D878F-D918-42C4-93C7-8743B2C4A838}.Debug|x64.Build.0 = Debug|Any CPU
		{E76D878F-D918-42C4-93C7-8743B2C4A838}.Debug|x86.ActiveCfg = Debug|Any CPU
		{E76D878F-D918-42C4-93C7-8743B2C4A838}.Debug|x86.Build.0 = Debug|Any CPU
		{E76D878F-D918-42C4-93C7-8743B2C4A838}.Release|Any CPU.ActiveCfg = Release|Any CPU
		{E76D878F-D918-42C4-93C7-8743B2C4A838}.Release|Any CPU.Build.0 = Release|Any CPU
		{E76D878F-D918-42C4-93C7-8743B2C4A838}.Release|x64.ActiveCfg = Release|Any CPU
		{E76D878F-D918-42C4-93C7-8743B2C4A838}.Release|x64.Build.0 = Release|Any CPU
		{E76D878F-D918-42C4-93C7-8743B2C4A838}.Release|x86.ActiveCfg = Release|Any CPU
		{E76D878F-D918-42C4-93C7-8743B2C4A838}.Release|x86.Build.0 = Release|Any CPU
		{5A8EDD0E-B5AB-4BD8-89A9-2D0DBAA92C4C}.Debug|Any CPU.ActiveCfg = Debug|Any CPU
		{5A8EDD0E-B5AB-4BD8-89A9-2D0DBAA92C4C}.Debug|Any CPU.Build.0 = Debug|Any CPU
		{5A8EDD0E-B5AB-4BD8-89A9-2D0DBAA92C4C}.Debug|x64.ActiveCfg = Debug|Any CPU
		{5A8EDD0E-B5AB-4BD8-89A9-2D0DBAA92C4C}.Debug|x64.Build.0 = Debug|Any CPU
		{5A8EDD0E-B5AB-4BD8-89A9-2D0DBAA92C4C}.Debug|x86.ActiveCfg = Debug|Any CPU
		{5A8EDD0E-B5AB-4BD8-89A9-2D0DBAA92C4C}.Debug|x86.Build.0 = Debug|Any CPU
		{5A8EDD0E-B5AB-4BD8-89A9-2D0DBAA92C4C}.Release|Any CPU.ActiveCfg = Release|Any CPU
		{5A8EDD0E-B5AB-4BD8-89A9-2D0DBAA92C4C}.Release|Any CPU.Build.0 = Release|Any CPU
		{5A8EDD0E-B5AB-4BD8-89A9-2D0DBAA92C4C}.Release|x64.ActiveCfg = Release|Any CPU
		{5A8EDD0E-B5AB-4BD8-89A9-2D0DBAA92C4C}.Release|x64.Build.0 = Release|Any CPU
		{5A8EDD0E-B5AB-4BD8-89A9-2D0DBAA92C4C}.Release|x86.ActiveCfg = Release|Any CPU
		{5A8EDD0E-B5AB-4BD8-89A9-2D0DBAA92C4C}.Release|x86.Build.0 = Release|Any CPU
		{FD4D823B-813C-4613-8FAF-03344CA83F4A}.Debug|Any CPU.ActiveCfg = Debug|Any CPU
		{FD4D823B-813C-4613-8FAF-03344CA83F4A}.Debug|Any CPU.Build.0 = Debug|Any CPU
		{FD4D823B-813C-4613-8FAF-03344CA83F4A}.Debug|x64.ActiveCfg = Debug|Any CPU
		{FD4D823B-813C-4613-8FAF-03344CA83F4A}.Debug|x64.Build.0 = Debug|Any CPU
		{FD4D823B-813C-4613-8FAF-03344CA83F4A}.Debug|x86.ActiveCfg = Debug|Any CPU
		{FD4D823B-813C-4613-8FAF-03344CA83F4A}.Debug|x86.Build.0 = Debug|Any CPU
		{FD4D823B-813C-4613-8FAF-03344CA83F4A}.Release|Any CPU.ActiveCfg = Release|Any CPU
		{FD4D823B-813C-4613-8FAF-03344CA83F4A}.Release|Any CPU.Build.0 = Release|Any CPU
		{FD4D823B-813C-4613-8FAF-03344CA83F4A}.Release|x64.ActiveCfg = Release|Any CPU
		{FD4D823B-813C-4613-8FAF-03344CA83F4A}.Release|x64.Build.0 = Release|Any CPU
		{FD4D823B-813C-4613-8FAF-03344CA83F4A}.Release|x86.ActiveCfg = Release|Any CPU
		{FD4D823B-813C-4613-8FAF-03344CA83F4A}.Release|x86.Build.0 = Release|Any CPU
		{339F58BD-FA2C-4DD5-BCDC-C63F406A779A}.Debug|Any CPU.ActiveCfg = Debug|Any CPU
		{339F58BD-FA2C-4DD5-BCDC-C63F406A779A}.Debug|Any CPU.Build.0 = Debug|Any CPU
		{339F58BD-FA2C-4DD5-BCDC-C63F406A779A}.Debug|x64.ActiveCfg = Debug|Any CPU
		{339F58BD-FA2C-4DD5-BCDC-C63F406A779A}.Debug|x64.Build.0 = Debug|Any CPU
		{339F58BD-FA2C-4DD5-BCDC-C63F406A779A}.Debug|x86.ActiveCfg = Debug|Any CPU
		{339F58BD-FA2C-4DD5-BCDC-C63F406A779A}.Debug|x86.Build.0 = Debug|Any CPU
		{339F58BD-FA2C-4DD5-BCDC-C63F406A779A}.Release|Any CPU.ActiveCfg = Release|Any CPU
		{339F58BD-FA2C-4DD5-BCDC-C63F406A779A}.Release|Any CPU.Build.0 = Release|Any CPU
		{339F58BD-FA2C-4DD5-BCDC-C63F406A779A}.Release|x64.ActiveCfg = Release|Any CPU
		{339F58BD-FA2C-4DD5-BCDC-C63F406A779A}.Release|x64.Build.0 = Release|Any CPU
		{339F58BD-FA2C-4DD5-BCDC-C63F406A779A}.Release|x86.ActiveCfg = Release|Any CPU
		{339F58BD-FA2C-4DD5-BCDC-C63F406A779A}.Release|x86.Build.0 = Release|Any CPU
	EndGlobalSection
	GlobalSection(SolutionProperties) = preSolution
		HideSolutionNode = FALSE
	EndGlobalSection
	GlobalSection(NestedProjects) = preSolution
		{73D95EB2-683D-4B77-B79B-C39925A77B03} = {022FA1F2-FA8A-44E9-B9F3-B2FB5DE35BE6}
		{84306C57-CF7C-477B-89C2-8029FBE5AACB} = {022FA1F2-FA8A-44E9-B9F3-B2FB5DE35BE6}
		{B895D834-2079-4E2A-907D-8F7A2B0E62A5} = {5EB83B88-623A-4133-98AE-5DECAD8310ED}
		{881CFA90-AA0A-422C-AADE-369225476FCD} = {022FA1F2-FA8A-44E9-B9F3-B2FB5DE35BE6}
		{82A9FF13-0FD1-43BD-B59B-184004B6AB90} = {022FA1F2-FA8A-44E9-B9F3-B2FB5DE35BE6}
		{F2B38D1B-4BB9-4229-8CB3-EAF7B8FDA21A} = {5EB83B88-623A-4133-98AE-5DECAD8310ED}
		{5E1A7F61-DDA7-4FD3-B1BA-6ACF6A8DD079} = {5EB83B88-623A-4133-98AE-5DECAD8310ED}
		{654531A1-9C0A-4B33-ADDF-26F9C039ABF8} = {66320409-64EC-F7C5-3DEF-65E7510DAAD1}
		{9B0843A6-4EDC-4B3E-98F9-0F889A3B3D3F} = {66320409-64EC-F7C5-3DEF-65E7510DAAD1}
		{4201E218-26DD-49B2-B8BF-D9ADE498DE6B} = {022FA1F2-FA8A-44E9-B9F3-B2FB5DE35BE6}
		{C3FC7439-DAA8-4A1D-9F9A-F788DD87C1F3} = {5EB83B88-623A-4133-98AE-5DECAD8310ED}
		{E47CEA7C-5B60-497F-9D8C-DDEC6F839298} = {022FA1F2-FA8A-44E9-B9F3-B2FB5DE35BE6}
		{D2D574F1-6EF4-4138-A5FE-DDF496929A1E} = {022FA1F2-FA8A-44E9-B9F3-B2FB5DE35BE6}
		{337CA2A9-A3A0-464D-BDF4-5FDF48A60B31} = {5EB83B88-623A-4133-98AE-5DECAD8310ED}
		{23B63C87-E629-4897-89D0-1A3907D1D860} = {5EB83B88-623A-4133-98AE-5DECAD8310ED}
		{BF4BEA93-5164-4FDF-B785-5DF751D9ECFF} = {022FA1F2-FA8A-44E9-B9F3-B2FB5DE35BE6}
		{E76D878F-D918-42C4-93C7-8743B2C4A838} = {5EB83B88-623A-4133-98AE-5DECAD8310ED}
		{5A8EDD0E-B5AB-4BD8-89A9-2D0DBAA92C4C} = {022FA1F2-FA8A-44E9-B9F3-B2FB5DE35BE6}
		{FD4D823B-813C-4613-8FAF-03344CA83F4A} = {B789E9C7-9962-4479-A3D3-2EE0E841F876}
		{339F58BD-FA2C-4DD5-BCDC-C63F406A779A} = {B789E9C7-9962-4479-A3D3-2EE0E841F876}
	EndGlobalSection
EndGlobal
